
Microsoft Visual Studio Solution File, Format Version 12.00
# Visual Studio Version 17
VisualStudioVersion = 17.0.32112.339
MinimumVisualStudioVersion = 10.0.40219.1
Project("{8BC9CEB8-8B4A-11D0-8D11-00A0C91BC942}") = "rgr", "rgr\rgr.vcxproj", "{D0D98DA4-9DCA-45CB-B4A3-E0DB226AD403}"
EndProject
Global
	GlobalSection(SolutionConfigurationPlatforms) = preSolution
		Debug|x64 = Debug|x64
		Debug|x86 = Debug|x86
		Release|x64 = Release|x64
		Release|x86 = Release|x86
	EndGlobalSection
	GlobalSection(ProjectConfigurationPlatforms) = postSolution
		{D0D98DA4-9DCA-45CB-B4A3-E0DB226AD403}.Debug|x64.ActiveCfg = Debug|x64
		{D0D98DA4-9DCA-45CB-B4A3-E0DB226AD403}.Debug|x64.Build.0 = Debug|x64
		{D0D98DA4-9DCA-45CB-B4A3-E0DB226AD403}.Debug|x86.ActiveCfg = Debug|Win32
		{D0D98DA4-9DCA-45CB-B4A3-E0DB226AD403}.Debug|x86.Build.0 = Debug|Win32
		{D0D98DA4-9DCA-45CB-B4A3-E0DB226AD403}.Release|x64.ActiveCfg = Release|x64
		{D0D98DA4-9DCA-45CB-B4A3-E0DB226AD403}.Release|x64.Build.0 = Release|x64
		{D0D98DA4-9DCA-45CB-B4A3-E0DB226AD403}.Release|x86.ActiveCfg = Release|Win32
		{D0D98DA4-9DCA-45CB-B4A3-E0DB226AD403}.Release|x86.Build.0 = Release|Win32
	EndGlobalSection
	GlobalSection(SolutionProperties) = preSolution
		HideSolutionNode = FALSE
	EndGlobalSection
	GlobalSection(ExtensibilityGlobals) = postSolution
		SolutionGuid = {3CA84CD9-B373-4888-AD9F-6782F7CCCD37}
	EndGlobalSection
EndGlobal
